// !$*UTF8*$!
{
	archiveVersion = 1;
	classes = {
	};
	objectVersion = 52;
	objects = {

/* Begin PBXBuildFile section */
		4428C43924DFF6340054C6DD /* LabeledPickerView.swift in Sources */ = {isa = PBXBuildFile; fileRef = 4428C43824DFF6340054C6DD /* LabeledPickerView.swift */; };
		4428C44A24E2CC780054C6DD /* Settings.swift in Sources */ = {isa = PBXBuildFile; fileRef = 4428C44924E2CC780054C6DD /* Settings.swift */; };
		4428C44C24E2ED100054C6DD /* DataStorage.swift in Sources */ = {isa = PBXBuildFile; fileRef = 4428C44B24E2ED100054C6DD /* DataStorage.swift */; };
		4428C44E24E3D1960054C6DD /* Predicate.swift in Sources */ = {isa = PBXBuildFile; fileRef = 4428C44D24E3D1960054C6DD /* Predicate.swift */; };
		4428C45624E6D9640054C6DD /* ConvertPortionsView.swift in Sources */ = {isa = PBXBuildFile; fileRef = 4428C45524E6D9640054C6DD /* ConvertPortionsView.swift */; };
		4474486424C60B1300EA5B2C /* AppDelegate.swift in Sources */ = {isa = PBXBuildFile; fileRef = 4474486324C60B1300EA5B2C /* AppDelegate.swift */; };
		4474486624C60B1300EA5B2C /* SceneDelegate.swift in Sources */ = {isa = PBXBuildFile; fileRef = 4474486524C60B1300EA5B2C /* SceneDelegate.swift */; };
		4474486824C60B1300EA5B2C /* MainViewController.swift in Sources */ = {isa = PBXBuildFile; fileRef = 4474486724C60B1300EA5B2C /* MainViewController.swift */; };
		4474486D24C60B1700EA5B2C /* Assets.xcassets in Resources */ = {isa = PBXBuildFile; fileRef = 4474486C24C60B1700EA5B2C /* Assets.xcassets */; };
		4474487024C60B1700EA5B2C /* LaunchScreen.storyboard in Resources */ = {isa = PBXBuildFile; fileRef = 4474486E24C60B1700EA5B2C /* LaunchScreen.storyboard */; };
		4474487924C60B8100EA5B2C /* SnapKit in Frameworks */ = {isa = PBXBuildFile; productRef = 4474487824C60B8100EA5B2C /* SnapKit */; };
		4474487B24C60C3800EA5B2C /* UIView+SnapKit.swift in Sources */ = {isa = PBXBuildFile; fileRef = 4474487A24C60C3800EA5B2C /* UIView+SnapKit.swift */; };
		4474487D24C60C7000EA5B2C /* Extensions.swift in Sources */ = {isa = PBXBuildFile; fileRef = 4474487C24C60C7000EA5B2C /* Extensions.swift */; };
		4474488024C6216C00EA5B2C /* Ingredient.swift in Sources */ = {isa = PBXBuildFile; fileRef = 4474487F24C6216C00EA5B2C /* Ingredient.swift */; };
		4474488324C622CC00EA5B2C /* Recipe.swift in Sources */ = {isa = PBXBuildFile; fileRef = 4474488224C622CC00EA5B2C /* Recipe.swift */; };
		4474488524C6256800EA5B2C /* MainSection.swift in Sources */ = {isa = PBXBuildFile; fileRef = 4474488424C6256700EA5B2C /* MainSection.swift */; };
		4474488724C62F8600EA5B2C /* RecipeCell.swift in Sources */ = {isa = PBXBuildFile; fileRef = 4474488624C62F8600EA5B2C /* RecipeCell.swift */; };
		4474488A24C6E29C00EA5B2C /* AddTextField.swift in Sources */ = {isa = PBXBuildFile; fileRef = 4474488924C6E29C00EA5B2C /* AddTextField.swift */; };
		4474488D24C781B800EA5B2C /* RecipeViewController.swift in Sources */ = {isa = PBXBuildFile; fileRef = 4474488C24C781B800EA5B2C /* RecipeViewController.swift */; };
		4474489224C786FE00EA5B2C /* IngredientCell.swift in Sources */ = {isa = PBXBuildFile; fileRef = 4474489124C786FE00EA5B2C /* IngredientCell.swift */; };
		4474489624C834A800EA5B2C /* KeyboardObserversExtensions.swift in Sources */ = {isa = PBXBuildFile; fileRef = 4474489524C834A800EA5B2C /* KeyboardObserversExtensions.swift */; };
		4474489924C84B0300EA5B2C /* RealmSwift in Frameworks */ = {isa = PBXBuildFile; productRef = 4474489824C84B0300EA5B2C /* RealmSwift */; };
		4474489B24C84BCB00EA5B2C /* RealmRecipe.swift in Sources */ = {isa = PBXBuildFile; fileRef = 4474489A24C84BCB00EA5B2C /* RealmRecipe.swift */; };
		4474489D24C84C0D00EA5B2C /* RealmIngredient.swift in Sources */ = {isa = PBXBuildFile; fileRef = 4474489C24C84C0D00EA5B2C /* RealmIngredient.swift */; };
		4474489F24C8505200EA5B2C /* DataBaseManager.swift in Sources */ = {isa = PBXBuildFile; fileRef = 4474489E24C8505200EA5B2C /* DataBaseManager.swift */; };
		447448A224D6E0CC00EA5B2C /* Button.swift in Sources */ = {isa = PBXBuildFile; fileRef = 447448A124D6E0CC00EA5B2C /* Button.swift */; };
		449F022F24D845B800A556E1 /* ConvertView.swift in Sources */ = {isa = PBXBuildFile; fileRef = 449F022E24D845B800A556E1 /* ConvertView.swift */; };
		449F023124D85A3600A556E1 /* TwoModeTextField.swift in Sources */ = {isa = PBXBuildFile; fileRef = 449F023024D85A3600A556E1 /* TwoModeTextField.swift */; };
		44F34385250510D2009495B3 /* ShareViewController.swift in Sources */ = {isa = PBXBuildFile; fileRef = 44F34384250510D2009495B3 /* ShareViewController.swift */; };
		44F3438C250510D2009495B3 /* Share.appex in Embed App Extensions */ = {isa = PBXBuildFile; fileRef = 44F34382250510D1009495B3 /* Share.appex */; settings = {ATTRIBUTES = (RemoveHeadersOnCopy, ); }; };
		5E18C0D824EAD8DC003F7D74 /* RealmCustomMeasurement.swift in Sources */ = {isa = PBXBuildFile; fileRef = 5E18C0D724EAD8DC003F7D74 /* RealmCustomMeasurement.swift */; };
		5EA0584524D050CF00631E04 /* MeasureViewController.swift in Sources */ = {isa = PBXBuildFile; fileRef = 5EA0584424D050CE00631E04 /* MeasureViewController.swift */; };
		5EA0584824D050F900631E04 /* MeasureView.swift in Sources */ = {isa = PBXBuildFile; fileRef = 5EA0584724D050F900631E04 /* MeasureView.swift */; };
		5EAC22DE24F07022003BA90E /* RecipeDataHandler.swift in Sources */ = {isa = PBXBuildFile; fileRef = 5EAC22DD24F07022003BA90E /* RecipeDataHandler.swift */; };
		5EAC22E424F0790D003BA90E /* MeasureLibrary in Frameworks */ = {isa = PBXBuildFile; productRef = 5EAC22E324F0790D003BA90E /* MeasureLibrary */; };
		5EAC22E624F1A94E003BA90E /* DataManager.swift in Sources */ = {isa = PBXBuildFile; fileRef = 5EAC22E524F1A94E003BA90E /* DataManager.swift */; };
		5EAC22EC24F1B557003BA90E /* Localize.swift in Sources */ = {isa = PBXBuildFile; fileRef = 5EAC22EB24F1B557003BA90E /* Localize.swift */; };
		5EAC22EE24F1B629003BA90E /* String+LocalizedBundleTableName.swift in Sources */ = {isa = PBXBuildFile; fileRef = 5EAC22ED24F1B629003BA90E /* String+LocalizedBundleTableName.swift */; };
		5EAC22F024F1B6F8003BA90E /* String+LocalizeBundle.swift in Sources */ = {isa = PBXBuildFile; fileRef = 5EAC22EF24F1B6F8003BA90E /* String+LocalizeBundle.swift */; };
		5EAC22F224F1B700003BA90E /* String+LocalizeTableName.swift in Sources */ = {isa = PBXBuildFile; fileRef = 5EAC22F124F1B700003BA90E /* String+LocalizeTableName.swift */; };
		5EAC22F324F1B7B1003BA90E /* Localizable.strings in Resources */ = {isa = PBXBuildFile; fileRef = 5EAC22F524F1B7B1003BA90E /* Localizable.strings */; };
		5EAC22FA24F29AE9003BA90E /* UIColor+Style.swift in Sources */ = {isa = PBXBuildFile; fileRef = 5EAC22F924F29AE9003BA90E /* UIColor+Style.swift */; };
		5EAC22FD24F2A29F003BA90E /* RecipeView.swift in Sources */ = {isa = PBXBuildFile; fileRef = 5EAC22FC24F2A29F003BA90E /* RecipeView.swift */; };
		5EAC22FF24F2AA26003BA90E /* InsettedLabel.swift in Sources */ = {isa = PBXBuildFile; fileRef = 5EAC22FE24F2AA26003BA90E /* InsettedLabel.swift */; };
		5EAC230124F2F1EB003BA90E /* NavigationController.swift in Sources */ = {isa = PBXBuildFile; fileRef = 5EAC230024F2F1EB003BA90E /* NavigationController.swift */; };
		CF12784025FC0FAD00E49E20 /* PlaceholderCell.swift in Sources */ = {isa = PBXBuildFile; fileRef = CF12783F25FC0FAD00E49E20 /* PlaceholderCell.swift */; };
		CF1D847C25226AF000649BB8 /* DoubleButton.swift in Sources */ = {isa = PBXBuildFile; fileRef = CF1D847B25226AF000649BB8 /* DoubleButton.swift */; };
		CF3D31C425FBFCA000D1F055 /* EmptyView.swift in Sources */ = {isa = PBXBuildFile; fileRef = CF3D31C325FBFCA000D1F055 /* EmptyView.swift */; };
		CF58EC7825EED2D20065E2D4 /* MeasureViewTransitioningDelegate.swift in Sources */ = {isa = PBXBuildFile; fileRef = CF58EC7725EED2D20065E2D4 /* MeasureViewTransitioningDelegate.swift */; };
		CF58EC8125EED3260065E2D4 /* PresentationController.swift in Sources */ = {isa = PBXBuildFile; fileRef = CF58EC8025EED3260065E2D4 /* PresentationController.swift */; };
		CF58EC8625EED4470065E2D4 /* MeasureViewTransitionAnimator.swift in Sources */ = {isa = PBXBuildFile; fileRef = CF58EC8525EED4470065E2D4 /* MeasureViewTransitionAnimator.swift */; };
		CF58EC9A25F01ACF0065E2D4 /* TableViewController.swift in Sources */ = {isa = PBXBuildFile; fileRef = CF58EC9925F01ACF0065E2D4 /* TableViewController.swift */; };
		CF58ECA225F01BC60065E2D4 /* TableViewDecorator.swift in Sources */ = {isa = PBXBuildFile; fileRef = CF58ECA125F01BC60065E2D4 /* TableViewDecorator.swift */; };
		CF58ECA725F01DE40065E2D4 /* TableViewDataSource.swift in Sources */ = {isa = PBXBuildFile; fileRef = CF58ECA625F01DE40065E2D4 /* TableViewDataSource.swift */; };
		CF58ECAC25F01E4F0065E2D4 /* Event.swift in Sources */ = {isa = PBXBuildFile; fileRef = CF58ECAB25F01E4F0065E2D4 /* Event.swift */; };
		CF58ECB125F01EAE0065E2D4 /* BaseTableViewSection.swift in Sources */ = {isa = PBXBuildFile; fileRef = CF58ECB025F01EAD0065E2D4 /* BaseTableViewSection.swift */; };
		CF58ECB625F0237B0065E2D4 /* BaseTableViewProxy.swift in Sources */ = {isa = PBXBuildFile; fileRef = CF58ECB525F0237B0065E2D4 /* BaseTableViewProxy.swift */; };
		CF58ECBB25F023B60065E2D4 /* CustomTableViewCell.swift in Sources */ = {isa = PBXBuildFile; fileRef = CF58ECBA25F023B60065E2D4 /* CustomTableViewCell.swift */; };
		CF58ECC025F0263C0065E2D4 /* DefaultSectionWithBackground.swift in Sources */ = {isa = PBXBuildFile; fileRef = CF58ECBF25F0263C0065E2D4 /* DefaultSectionWithBackground.swift */; };
		CF58ECC525F0268A0065E2D4 /* CellFooteredTableViewSection.swift in Sources */ = {isa = PBXBuildFile; fileRef = CF58ECC425F0268A0065E2D4 /* CellFooteredTableViewSection.swift */; };
		CF58ECCA25F026F60065E2D4 /* TableCellWithBackground.swift in Sources */ = {isa = PBXBuildFile; fileRef = CF58ECC925F026F60065E2D4 /* TableCellWithBackground.swift */; };
		CF58ECCF25F0273A0065E2D4 /* SpacerCell.swift in Sources */ = {isa = PBXBuildFile; fileRef = CF58ECCE25F0273A0065E2D4 /* SpacerCell.swift */; };
		CF58ECD425F0276D0065E2D4 /* CellFooteredTableViewProxy.swift in Sources */ = {isa = PBXBuildFile; fileRef = CF58ECD325F0276D0065E2D4 /* CellFooteredTableViewProxy.swift */; };
		CF58ECF625F2B96A0065E2D4 /* TableViewKeyboardHandler.swift in Sources */ = {isa = PBXBuildFile; fileRef = CF58ECF525F2B96A0065E2D4 /* TableViewKeyboardHandler.swift */; };
		CF9B0763252600C00008A7C9 /* ARecipeTests.swift in Sources */ = {isa = PBXBuildFile; fileRef = CF9B0762252600C00008A7C9 /* ARecipeTests.swift */; };
		CF9B0775252DFB6F0008A7C9 /* UIToolBar.swift in Sources */ = {isa = PBXBuildFile; fileRef = CF9B0774252DFB6F0008A7C9 /* UIToolBar.swift */; };
		CF9B0777252E41DD0008A7C9 /* ToolbarInputView.swift in Sources */ = {isa = PBXBuildFile; fileRef = CF9B0776252E41DC0008A7C9 /* ToolbarInputView.swift */; };
		CF9B077B2530F5BB0008A7C9 /* RealmAttachmentInfo.swift in Sources */ = {isa = PBXBuildFile; fileRef = CF9B077A2530F5BB0008A7C9 /* RealmAttachmentInfo.swift */; };
		CF9B077D2530FB5E0008A7C9 /* Helper.swift in Sources */ = {isa = PBXBuildFile; fileRef = CF9B077C2530FB5E0008A7C9 /* Helper.swift */; };
		CF9B078F2541C2350008A7C9 /* Theme.swift in Sources */ = {isa = PBXBuildFile; fileRef = CF9B078E2541C2350008A7C9 /* Theme.swift */; };
		CFA12787251E786D00FBFFB5 /* PlaceholderView.swift in Sources */ = {isa = PBXBuildFile; fileRef = CFA12786251E786D00FBFFB5 /* PlaceholderView.swift */; };
		CFA12789251E935900FBFFB5 /* InsettedTextField.swift in Sources */ = {isa = PBXBuildFile; fileRef = CFA12788251E935900FBFFB5 /* InsettedTextField.swift */; };
		CFA1278D251FDC6300FBFFB5 /* LabeledSegmentedPicker.swift in Sources */ = {isa = PBXBuildFile; fileRef = CFA1278C251FDC6300FBFFB5 /* LabeledSegmentedPicker.swift */; };
		CFADB80F257D6E02003AFC31 /* Alerts.swift in Sources */ = {isa = PBXBuildFile; fileRef = CFADB80E257D6E02003AFC31 /* Alerts.swift */; };
		CFADB814257D700E003AFC31 /* UIViewController+FileManager.swift in Sources */ = {isa = PBXBuildFile; fileRef = CFADB813257D700E003AFC31 /* UIViewController+FileManager.swift */; };
/* End PBXBuildFile section */

/* Begin PBXContainerItemProxy section */
		44F3438A250510D2009495B3 /* PBXContainerItemProxy */ = {
			isa = PBXContainerItemProxy;
			containerPortal = 4474485824C60B1300EA5B2C /* Project object */;
			proxyType = 1;
			remoteGlobalIDString = 44F34381250510D1009495B3;
			remoteInfo = Share;
		};
		CF9B0765252600C00008A7C9 /* PBXContainerItemProxy */ = {
			isa = PBXContainerItemProxy;
			containerPortal = 4474485824C60B1300EA5B2C /* Project object */;
			proxyType = 1;
			remoteGlobalIDString = 4474485F24C60B1300EA5B2C;
			remoteInfo = RecipeBookUIKit;
		};
/* End PBXContainerItemProxy section */

/* Begin PBXCopyFilesBuildPhase section */
		44F3438D250510D2009495B3 /* Embed App Extensions */ = {
			isa = PBXCopyFilesBuildPhase;
			buildActionMask = 2147483647;
			dstPath = "";
			dstSubfolderSpec = 13;
			files = (
				44F3438C250510D2009495B3 /* Share.appex in Embed App Extensions */,
			);
			name = "Embed App Extensions";
			runOnlyForDeploymentPostprocessing = 0;
		};
/* End PBXCopyFilesBuildPhase section */

/* Begin PBXFileReference section */
		4428C43824DFF6340054C6DD /* LabeledPickerView.swift */ = {isa = PBXFileReference; lastKnownFileType = sourcecode.swift; path = LabeledPickerView.swift; sourceTree = "<group>"; };
		4428C44924E2CC780054C6DD /* Settings.swift */ = {isa = PBXFileReference; lastKnownFileType = sourcecode.swift; path = Settings.swift; sourceTree = "<group>"; };
		4428C44B24E2ED100054C6DD /* DataStorage.swift */ = {isa = PBXFileReference; lastKnownFileType = sourcecode.swift; path = DataStorage.swift; sourceTree = "<group>"; };
		4428C44D24E3D1960054C6DD /* Predicate.swift */ = {isa = PBXFileReference; lastKnownFileType = sourcecode.swift; path = Predicate.swift; sourceTree = "<group>"; };
		4428C45524E6D9640054C6DD /* ConvertPortionsView.swift */ = {isa = PBXFileReference; lastKnownFileType = sourcecode.swift; path = ConvertPortionsView.swift; sourceTree = "<group>"; };
		4449C324251234970011C7F3 /* RecipeBookUIKit.entitlements */ = {isa = PBXFileReference; lastKnownFileType = text.plist.entitlements; path = RecipeBookUIKit.entitlements; sourceTree = "<group>"; };
		4449C325251237250011C7F3 /* Share.entitlements */ = {isa = PBXFileReference; lastKnownFileType = text.plist.entitlements; path = Share.entitlements; sourceTree = "<group>"; };
		4474486024C60B1300EA5B2C /* ARecipe.app */ = {isa = PBXFileReference; explicitFileType = wrapper.application; includeInIndex = 0; path = ARecipe.app; sourceTree = BUILT_PRODUCTS_DIR; };
		4474486324C60B1300EA5B2C /* AppDelegate.swift */ = {isa = PBXFileReference; lastKnownFileType = sourcecode.swift; path = AppDelegate.swift; sourceTree = "<group>"; };
		4474486524C60B1300EA5B2C /* SceneDelegate.swift */ = {isa = PBXFileReference; lastKnownFileType = sourcecode.swift; path = SceneDelegate.swift; sourceTree = "<group>"; };
		4474486724C60B1300EA5B2C /* MainViewController.swift */ = {isa = PBXFileReference; lastKnownFileType = sourcecode.swift; path = MainViewController.swift; sourceTree = "<group>"; };
		4474486C24C60B1700EA5B2C /* Assets.xcassets */ = {isa = PBXFileReference; lastKnownFileType = folder.assetcatalog; path = Assets.xcassets; sourceTree = "<group>"; };
		4474486F24C60B1700EA5B2C /* Base */ = {isa = PBXFileReference; lastKnownFileType = file.storyboard; name = Base; path = Base.lproj/LaunchScreen.storyboard; sourceTree = "<group>"; };
		4474487124C60B1700EA5B2C /* Info.plist */ = {isa = PBXFileReference; lastKnownFileType = text.plist.xml; path = Info.plist; sourceTree = "<group>"; };
		4474487A24C60C3800EA5B2C /* UIView+SnapKit.swift */ = {isa = PBXFileReference; fileEncoding = 4; lastKnownFileType = sourcecode.swift; path = "UIView+SnapKit.swift"; sourceTree = "<group>"; };
		4474487C24C60C7000EA5B2C /* Extensions.swift */ = {isa = PBXFileReference; lastKnownFileType = sourcecode.swift; path = Extensions.swift; sourceTree = "<group>"; };
		4474487F24C6216C00EA5B2C /* Ingredient.swift */ = {isa = PBXFileReference; lastKnownFileType = sourcecode.swift; path = Ingredient.swift; sourceTree = "<group>"; };
		4474488224C622CC00EA5B2C /* Recipe.swift */ = {isa = PBXFileReference; lastKnownFileType = sourcecode.swift; path = Recipe.swift; sourceTree = "<group>"; };
		4474488424C6256700EA5B2C /* MainSection.swift */ = {isa = PBXFileReference; lastKnownFileType = sourcecode.swift; path = MainSection.swift; sourceTree = "<group>"; };
		4474488624C62F8600EA5B2C /* RecipeCell.swift */ = {isa = PBXFileReference; lastKnownFileType = sourcecode.swift; path = RecipeCell.swift; sourceTree = "<group>"; };
		4474488924C6E29C00EA5B2C /* AddTextField.swift */ = {isa = PBXFileReference; lastKnownFileType = sourcecode.swift; path = AddTextField.swift; sourceTree = "<group>"; };
		4474488C24C781B800EA5B2C /* RecipeViewController.swift */ = {isa = PBXFileReference; lastKnownFileType = sourcecode.swift; path = RecipeViewController.swift; sourceTree = "<group>"; };
		4474489124C786FE00EA5B2C /* IngredientCell.swift */ = {isa = PBXFileReference; lastKnownFileType = sourcecode.swift; path = IngredientCell.swift; sourceTree = "<group>"; };
		4474489524C834A800EA5B2C /* KeyboardObserversExtensions.swift */ = {isa = PBXFileReference; lastKnownFileType = sourcecode.swift; path = KeyboardObserversExtensions.swift; sourceTree = "<group>"; };
		4474489A24C84BCB00EA5B2C /* RealmRecipe.swift */ = {isa = PBXFileReference; lastKnownFileType = sourcecode.swift; path = RealmRecipe.swift; sourceTree = "<group>"; };
		4474489C24C84C0D00EA5B2C /* RealmIngredient.swift */ = {isa = PBXFileReference; lastKnownFileType = sourcecode.swift; path = RealmIngredient.swift; sourceTree = "<group>"; };
		4474489E24C8505200EA5B2C /* DataBaseManager.swift */ = {isa = PBXFileReference; lastKnownFileType = sourcecode.swift; path = DataBaseManager.swift; sourceTree = "<group>"; };
		447448A124D6E0CC00EA5B2C /* Button.swift */ = {isa = PBXFileReference; lastKnownFileType = sourcecode.swift; path = Button.swift; sourceTree = "<group>"; };
		449F022E24D845B800A556E1 /* ConvertView.swift */ = {isa = PBXFileReference; lastKnownFileType = sourcecode.swift; path = ConvertView.swift; sourceTree = "<group>"; };
		449F023024D85A3600A556E1 /* TwoModeTextField.swift */ = {isa = PBXFileReference; lastKnownFileType = sourcecode.swift; path = TwoModeTextField.swift; sourceTree = "<group>"; };
		44F34382250510D1009495B3 /* Share.appex */ = {isa = PBXFileReference; explicitFileType = "wrapper.app-extension"; includeInIndex = 0; path = Share.appex; sourceTree = BUILT_PRODUCTS_DIR; };
		44F34384250510D2009495B3 /* ShareViewController.swift */ = {isa = PBXFileReference; lastKnownFileType = sourcecode.swift; path = ShareViewController.swift; sourceTree = "<group>"; };
		44F34389250510D2009495B3 /* Info.plist */ = {isa = PBXFileReference; lastKnownFileType = text.plist.xml; path = Info.plist; sourceTree = "<group>"; };
		5E18C0D724EAD8DC003F7D74 /* RealmCustomMeasurement.swift */ = {isa = PBXFileReference; lastKnownFileType = sourcecode.swift; path = RealmCustomMeasurement.swift; sourceTree = "<group>"; };
		5EA0584424D050CE00631E04 /* MeasureViewController.swift */ = {isa = PBXFileReference; lastKnownFileType = sourcecode.swift; path = MeasureViewController.swift; sourceTree = "<group>"; };
		5EA0584724D050F900631E04 /* MeasureView.swift */ = {isa = PBXFileReference; lastKnownFileType = sourcecode.swift; path = MeasureView.swift; sourceTree = "<group>"; };
		5EAC22DD24F07022003BA90E /* RecipeDataHandler.swift */ = {isa = PBXFileReference; lastKnownFileType = sourcecode.swift; path = RecipeDataHandler.swift; sourceTree = "<group>"; };
		5EAC22E124F078F3003BA90E /* MeasureLibrary */ = {isa = PBXFileReference; lastKnownFileType = folder; path = MeasureLibrary; sourceTree = "<group>"; };
		5EAC22E524F1A94E003BA90E /* DataManager.swift */ = {isa = PBXFileReference; lastKnownFileType = sourcecode.swift; path = DataManager.swift; sourceTree = "<group>"; };
		5EAC22E824F1AD37003BA90E /* ru */ = {isa = PBXFileReference; lastKnownFileType = text.plist.strings; name = ru; path = ru.lproj/LaunchScreen.strings; sourceTree = "<group>"; };
		5EAC22EB24F1B557003BA90E /* Localize.swift */ = {isa = PBXFileReference; fileEncoding = 4; lastKnownFileType = sourcecode.swift; path = Localize.swift; sourceTree = "<group>"; };
		5EAC22ED24F1B629003BA90E /* String+LocalizedBundleTableName.swift */ = {isa = PBXFileReference; fileEncoding = 4; lastKnownFileType = sourcecode.swift; path = "String+LocalizedBundleTableName.swift"; sourceTree = "<group>"; };
		5EAC22EF24F1B6F8003BA90E /* String+LocalizeBundle.swift */ = {isa = PBXFileReference; fileEncoding = 4; lastKnownFileType = sourcecode.swift; path = "String+LocalizeBundle.swift"; sourceTree = "<group>"; };
		5EAC22F124F1B700003BA90E /* String+LocalizeTableName.swift */ = {isa = PBXFileReference; fileEncoding = 4; lastKnownFileType = sourcecode.swift; path = "String+LocalizeTableName.swift"; sourceTree = "<group>"; };
		5EAC22F424F1B7B1003BA90E /* ru */ = {isa = PBXFileReference; lastKnownFileType = text.plist.strings; name = ru; path = ru.lproj/Localizable.strings; sourceTree = "<group>"; };
		5EAC22F624F1B7B6003BA90E /* en */ = {isa = PBXFileReference; lastKnownFileType = text.plist.strings; name = en; path = en.lproj/Localizable.strings; sourceTree = "<group>"; };
		5EAC22F924F29AE9003BA90E /* UIColor+Style.swift */ = {isa = PBXFileReference; lastKnownFileType = sourcecode.swift; path = "UIColor+Style.swift"; sourceTree = "<group>"; };
		5EAC22FC24F2A29F003BA90E /* RecipeView.swift */ = {isa = PBXFileReference; lastKnownFileType = sourcecode.swift; path = RecipeView.swift; sourceTree = "<group>"; };
		5EAC22FE24F2AA26003BA90E /* InsettedLabel.swift */ = {isa = PBXFileReference; lastKnownFileType = sourcecode.swift; path = InsettedLabel.swift; sourceTree = "<group>"; };
		5EAC230024F2F1EB003BA90E /* NavigationController.swift */ = {isa = PBXFileReference; lastKnownFileType = sourcecode.swift; path = NavigationController.swift; sourceTree = "<group>"; };
		CF12783F25FC0FAD00E49E20 /* PlaceholderCell.swift */ = {isa = PBXFileReference; lastKnownFileType = sourcecode.swift; path = PlaceholderCell.swift; sourceTree = "<group>"; };
		CF1D847B25226AF000649BB8 /* DoubleButton.swift */ = {isa = PBXFileReference; lastKnownFileType = sourcecode.swift; path = DoubleButton.swift; sourceTree = "<group>"; };
		CF3D31C325FBFCA000D1F055 /* EmptyView.swift */ = {isa = PBXFileReference; lastKnownFileType = sourcecode.swift; path = EmptyView.swift; sourceTree = "<group>"; };
		CF58EC7725EED2D20065E2D4 /* MeasureViewTransitioningDelegate.swift */ = {isa = PBXFileReference; lastKnownFileType = sourcecode.swift; path = MeasureViewTransitioningDelegate.swift; sourceTree = "<group>"; };
		CF58EC8025EED3260065E2D4 /* PresentationController.swift */ = {isa = PBXFileReference; lastKnownFileType = sourcecode.swift; path = PresentationController.swift; sourceTree = "<group>"; };
		CF58EC8525EED4470065E2D4 /* MeasureViewTransitionAnimator.swift */ = {isa = PBXFileReference; lastKnownFileType = sourcecode.swift; path = MeasureViewTransitionAnimator.swift; sourceTree = "<group>"; };
		CF58EC9925F01ACF0065E2D4 /* TableViewController.swift */ = {isa = PBXFileReference; lastKnownFileType = sourcecode.swift; path = TableViewController.swift; sourceTree = "<group>"; };
		CF58ECA125F01BC60065E2D4 /* TableViewDecorator.swift */ = {isa = PBXFileReference; lastKnownFileType = sourcecode.swift; path = TableViewDecorator.swift; sourceTree = "<group>"; };
		CF58ECA625F01DE40065E2D4 /* TableViewDataSource.swift */ = {isa = PBXFileReference; lastKnownFileType = sourcecode.swift; path = TableViewDataSource.swift; sourceTree = "<group>"; };
		CF58ECAB25F01E4F0065E2D4 /* Event.swift */ = {isa = PBXFileReference; lastKnownFileType = sourcecode.swift; path = Event.swift; sourceTree = "<group>"; };
		CF58ECB025F01EAD0065E2D4 /* BaseTableViewSection.swift */ = {isa = PBXFileReference; lastKnownFileType = sourcecode.swift; path = BaseTableViewSection.swift; sourceTree = "<group>"; };
		CF58ECB525F0237B0065E2D4 /* BaseTableViewProxy.swift */ = {isa = PBXFileReference; lastKnownFileType = sourcecode.swift; path = BaseTableViewProxy.swift; sourceTree = "<group>"; };
		CF58ECBA25F023B60065E2D4 /* CustomTableViewCell.swift */ = {isa = PBXFileReference; lastKnownFileType = sourcecode.swift; path = CustomTableViewCell.swift; sourceTree = "<group>"; };
		CF58ECBF25F0263C0065E2D4 /* DefaultSectionWithBackground.swift */ = {isa = PBXFileReference; lastKnownFileType = sourcecode.swift; path = DefaultSectionWithBackground.swift; sourceTree = "<group>"; };
		CF58ECC425F0268A0065E2D4 /* CellFooteredTableViewSection.swift */ = {isa = PBXFileReference; lastKnownFileType = sourcecode.swift; path = CellFooteredTableViewSection.swift; sourceTree = "<group>"; };
		CF58ECC925F026F60065E2D4 /* TableCellWithBackground.swift */ = {isa = PBXFileReference; lastKnownFileType = sourcecode.swift; path = TableCellWithBackground.swift; sourceTree = "<group>"; };
		CF58ECCE25F0273A0065E2D4 /* SpacerCell.swift */ = {isa = PBXFileReference; lastKnownFileType = sourcecode.swift; path = SpacerCell.swift; sourceTree = "<group>"; };
		CF58ECD325F0276D0065E2D4 /* CellFooteredTableViewProxy.swift */ = {isa = PBXFileReference; lastKnownFileType = sourcecode.swift; path = CellFooteredTableViewProxy.swift; sourceTree = "<group>"; };
		CF58ECF525F2B96A0065E2D4 /* TableViewKeyboardHandler.swift */ = {isa = PBXFileReference; lastKnownFileType = sourcecode.swift; path = TableViewKeyboardHandler.swift; sourceTree = "<group>"; };
		CF9B0760252600C00008A7C9 /* ARecipeTests.xctest */ = {isa = PBXFileReference; explicitFileType = wrapper.cfbundle; includeInIndex = 0; path = ARecipeTests.xctest; sourceTree = BUILT_PRODUCTS_DIR; };
		CF9B0762252600C00008A7C9 /* ARecipeTests.swift */ = {isa = PBXFileReference; lastKnownFileType = sourcecode.swift; path = ARecipeTests.swift; sourceTree = "<group>"; };
		CF9B0764252600C00008A7C9 /* Info.plist */ = {isa = PBXFileReference; lastKnownFileType = text.plist.xml; path = Info.plist; sourceTree = "<group>"; };
		CF9B0774252DFB6F0008A7C9 /* UIToolBar.swift */ = {isa = PBXFileReference; lastKnownFileType = sourcecode.swift; path = UIToolBar.swift; sourceTree = "<group>"; };
		CF9B0776252E41DC0008A7C9 /* ToolbarInputView.swift */ = {isa = PBXFileReference; lastKnownFileType = sourcecode.swift; path = ToolbarInputView.swift; sourceTree = "<group>"; };
		CF9B077A2530F5BB0008A7C9 /* RealmAttachmentInfo.swift */ = {isa = PBXFileReference; lastKnownFileType = sourcecode.swift; path = RealmAttachmentInfo.swift; sourceTree = "<group>"; };
		CF9B077C2530FB5E0008A7C9 /* Helper.swift */ = {isa = PBXFileReference; lastKnownFileType = sourcecode.swift; path = Helper.swift; sourceTree = "<group>"; };
		CF9B078E2541C2350008A7C9 /* Theme.swift */ = {isa = PBXFileReference; lastKnownFileType = sourcecode.swift; path = Theme.swift; sourceTree = "<group>"; };
		CFA12786251E786D00FBFFB5 /* PlaceholderView.swift */ = {isa = PBXFileReference; lastKnownFileType = sourcecode.swift; path = PlaceholderView.swift; sourceTree = "<group>"; };
		CFA12788251E935900FBFFB5 /* InsettedTextField.swift */ = {isa = PBXFileReference; lastKnownFileType = sourcecode.swift; path = InsettedTextField.swift; sourceTree = "<group>"; };
		CFA1278C251FDC6300FBFFB5 /* LabeledSegmentedPicker.swift */ = {isa = PBXFileReference; lastKnownFileType = sourcecode.swift; path = LabeledSegmentedPicker.swift; sourceTree = "<group>"; };
		CFADB80E257D6E02003AFC31 /* Alerts.swift */ = {isa = PBXFileReference; lastKnownFileType = sourcecode.swift; path = Alerts.swift; sourceTree = "<group>"; };
		CFADB813257D700E003AFC31 /* UIViewController+FileManager.swift */ = {isa = PBXFileReference; lastKnownFileType = sourcecode.swift; path = "UIViewController+FileManager.swift"; sourceTree = "<group>"; };
/* End PBXFileReference section */

/* Begin PBXFrameworksBuildPhase section */
		4474485D24C60B1300EA5B2C /* Frameworks */ = {
			isa = PBXFrameworksBuildPhase;
			buildActionMask = 2147483647;
			files = (
				4474489924C84B0300EA5B2C /* RealmSwift in Frameworks */,
				5EAC22E424F0790D003BA90E /* MeasureLibrary in Frameworks */,
				4474487924C60B8100EA5B2C /* SnapKit in Frameworks */,
			);
			runOnlyForDeploymentPostprocessing = 0;
		};
		44F3437F250510D1009495B3 /* Frameworks */ = {
			isa = PBXFrameworksBuildPhase;
			buildActionMask = 2147483647;
			files = (
			);
			runOnlyForDeploymentPostprocessing = 0;
		};
		CF9B075D252600C00008A7C9 /* Frameworks */ = {
			isa = PBXFrameworksBuildPhase;
			buildActionMask = 2147483647;
			files = (
			);
			runOnlyForDeploymentPostprocessing = 0;
		};
/* End PBXFrameworksBuildPhase section */

/* Begin PBXGroup section */
		4474485724C60B1300EA5B2C = {
			isa = PBXGroup;
			children = (
				5EAC22E124F078F3003BA90E /* MeasureLibrary */,
				4474486224C60B1300EA5B2C /* RecipeBookUIKit */,
				44F34383250510D2009495B3 /* Share */,
				CF9B0761252600C00008A7C9 /* ARecipeTests */,
				4474486124C60B1300EA5B2C /* Products */,
				5EAC22E224F0790D003BA90E /* Frameworks */,
			);
			sourceTree = "<group>";
		};
		4474486124C60B1300EA5B2C /* Products */ = {
			isa = PBXGroup;
			children = (
				4474486024C60B1300EA5B2C /* ARecipe.app */,
				44F34382250510D1009495B3 /* Share.appex */,
				CF9B0760252600C00008A7C9 /* ARecipeTests.xctest */,
			);
			name = Products;
			sourceTree = "<group>";
		};
		4474486224C60B1300EA5B2C /* RecipeBookUIKit */ = {
			isa = PBXGroup;
			children = (
				4449C324251234970011C7F3 /* RecipeBookUIKit.entitlements */,
				4474486324C60B1300EA5B2C /* AppDelegate.swift */,
				4474486524C60B1300EA5B2C /* SceneDelegate.swift */,
				5EAC22F724F1B914003BA90E /* Localize */,
				447448A024C8505D00EA5B2C /* DataBase */,
				4474488B24C6F09400EA5B2C /* Controls */,
				5EAC22F824F29A6D003BA90E /* Views */,
				4474488124C6229F00EA5B2C /* Models */,
				4474487E24C60C7A00EA5B2C /* Extensions */,
				4474486C24C60B1700EA5B2C /* Assets.xcassets */,
				4474486E24C60B1700EA5B2C /* LaunchScreen.storyboard */,
				4474487124C60B1700EA5B2C /* Info.plist */,
			);
			path = RecipeBookUIKit;
			sourceTree = "<group>";
		};
		4474487E24C60C7A00EA5B2C /* Extensions */ = {
			isa = PBXGroup;
			children = (
				4474487A24C60C3800EA5B2C /* UIView+SnapKit.swift */,
				CFADB80E257D6E02003AFC31 /* Alerts.swift */,
				CF9B0774252DFB6F0008A7C9 /* UIToolBar.swift */,
				CFADB813257D700E003AFC31 /* UIViewController+FileManager.swift */,
				5EAC22F924F29AE9003BA90E /* UIColor+Style.swift */,
				4428C44D24E3D1960054C6DD /* Predicate.swift */,
				4474487C24C60C7000EA5B2C /* Extensions.swift */,
				CF9B078E2541C2350008A7C9 /* Theme.swift */,
				CF9B077C2530FB5E0008A7C9 /* Helper.swift */,
				4474489524C834A800EA5B2C /* KeyboardObserversExtensions.swift */,
				CF58ECF525F2B96A0065E2D4 /* TableViewKeyboardHandler.swift */,
			);
			path = Extensions;
			sourceTree = "<group>";
		};
		4474488124C6229F00EA5B2C /* Models */ = {
			isa = PBXGroup;
			children = (
				4428C44924E2CC780054C6DD /* Settings.swift */,
				4474487F24C6216C00EA5B2C /* Ingredient.swift */,
				4474488224C622CC00EA5B2C /* Recipe.swift */,
			);
			path = Models;
			sourceTree = "<group>";
		};
		4474488824C6363C00EA5B2C /* Main */ = {
			isa = PBXGroup;
			children = (
				4474486724C60B1300EA5B2C /* MainViewController.swift */,
				4474488424C6256700EA5B2C /* MainSection.swift */,
				4474488624C62F8600EA5B2C /* RecipeCell.swift */,
			);
			path = Main;
			sourceTree = "<group>";
		};
		4474488B24C6F09400EA5B2C /* Controls */ = {
			isa = PBXGroup;
			children = (
				CF58EC9825F01AAD0065E2D4 /* TableViewController */,
				4474488924C6E29C00EA5B2C /* AddTextField.swift */,
				CFA12788251E935900FBFFB5 /* InsettedTextField.swift */,
				5EAC22FE24F2AA26003BA90E /* InsettedLabel.swift */,
				449F023024D85A3600A556E1 /* TwoModeTextField.swift */,
				447448A124D6E0CC00EA5B2C /* Button.swift */,
				5EAC230024F2F1EB003BA90E /* NavigationController.swift */,
				449F022E24D845B800A556E1 /* ConvertView.swift */,
				4428C43824DFF6340054C6DD /* LabeledPickerView.swift */,
				CFA1278C251FDC6300FBFFB5 /* LabeledSegmentedPicker.swift */,
				4428C45524E6D9640054C6DD /* ConvertPortionsView.swift */,
				CF1D847B25226AF000649BB8 /* DoubleButton.swift */,
				CF9B0776252E41DC0008A7C9 /* ToolbarInputView.swift */,
			);
			path = Controls;
			sourceTree = "<group>";
		};
		4474488E24C781C200EA5B2C /* RecipeView */ = {
			isa = PBXGroup;
			children = (
				4474488C24C781B800EA5B2C /* RecipeViewController.swift */,
				CF58EC7C25EED2F20065E2D4 /* CustomTransition */,
				5EAC22DD24F07022003BA90E /* RecipeDataHandler.swift */,
				5EAC22FC24F2A29F003BA90E /* RecipeView.swift */,
				4474489124C786FE00EA5B2C /* IngredientCell.swift */,
			);
			path = RecipeView;
			sourceTree = "<group>";
		};
		447448A024C8505D00EA5B2C /* DataBase */ = {
			isa = PBXGroup;
			children = (
				5EAC22E724F1A982003BA90E /* RealmDataImplementation */,
				4428C44B24E2ED100054C6DD /* DataStorage.swift */,
				5EAC22E524F1A94E003BA90E /* DataManager.swift */,
			);
			path = DataBase;
			sourceTree = "<group>";
		};
		44F34383250510D2009495B3 /* Share */ = {
			isa = PBXGroup;
			children = (
				4449C325251237250011C7F3 /* Share.entitlements */,
				44F34384250510D2009495B3 /* ShareViewController.swift */,
				44F34389250510D2009495B3 /* Info.plist */,
			);
			path = Share;
			sourceTree = "<group>";
		};
		5EA0584624D050DB00631E04 /* MeasureView */ = {
			isa = PBXGroup;
			children = (
				5EA0584424D050CE00631E04 /* MeasureViewController.swift */,
				5EA0584724D050F900631E04 /* MeasureView.swift */,
			);
			path = MeasureView;
			sourceTree = "<group>";
		};
		5EAC22E224F0790D003BA90E /* Frameworks */ = {
			isa = PBXGroup;
			children = (
			);
			name = Frameworks;
			sourceTree = "<group>";
		};
		5EAC22E724F1A982003BA90E /* RealmDataImplementation */ = {
			isa = PBXGroup;
			children = (
				4474489E24C8505200EA5B2C /* DataBaseManager.swift */,
				4474489C24C84C0D00EA5B2C /* RealmIngredient.swift */,
				4474489A24C84BCB00EA5B2C /* RealmRecipe.swift */,
				CF9B077A2530F5BB0008A7C9 /* RealmAttachmentInfo.swift */,
				5E18C0D724EAD8DC003F7D74 /* RealmCustomMeasurement.swift */,
			);
			path = RealmDataImplementation;
			sourceTree = "<group>";
		};
		5EAC22F724F1B914003BA90E /* Localize */ = {
			isa = PBXGroup;
			children = (
				5EAC22F524F1B7B1003BA90E /* Localizable.strings */,
				5EAC22EB24F1B557003BA90E /* Localize.swift */,
				5EAC22ED24F1B629003BA90E /* String+LocalizedBundleTableName.swift */,
				5EAC22EF24F1B6F8003BA90E /* String+LocalizeBundle.swift */,
				5EAC22F124F1B700003BA90E /* String+LocalizeTableName.swift */,
			);
			path = Localize;
			sourceTree = "<group>";
		};
		5EAC22F824F29A6D003BA90E /* Views */ = {
			isa = PBXGroup;
			children = (
				4474488824C6363C00EA5B2C /* Main */,
				4474488E24C781C200EA5B2C /* RecipeView */,
				5EA0584624D050DB00631E04 /* MeasureView */,
				CFA12786251E786D00FBFFB5 /* PlaceholderView.swift */,
				CF3D31C325FBFCA000D1F055 /* EmptyView.swift */,
			);
			path = Views;
			sourceTree = "<group>";
		};
		CF58EC7C25EED2F20065E2D4 /* CustomTransition */ = {
			isa = PBXGroup;
			children = (
				CF58EC7725EED2D20065E2D4 /* MeasureViewTransitioningDelegate.swift */,
				CF58EC8025EED3260065E2D4 /* PresentationController.swift */,
				CF58EC8525EED4470065E2D4 /* MeasureViewTransitionAnimator.swift */,
			);
			path = CustomTransition;
			sourceTree = "<group>";
		};
		CF58EC9825F01AAD0065E2D4 /* TableViewController */ = {
			isa = PBXGroup;
			children = (
				CF58EC9925F01ACF0065E2D4 /* TableViewController.swift */,
				CF58ECA125F01BC60065E2D4 /* TableViewDecorator.swift */,
				CF58ECA625F01DE40065E2D4 /* TableViewDataSource.swift */,
				CF58ECAB25F01E4F0065E2D4 /* Event.swift */,
				CF58ECD825F02AFE0065E2D4 /* Sections */,
				CF58ECD925F02B130065E2D4 /* Proxies */,
				CF58ECE025F02B240065E2D4 /* Cells */,
			);
			path = TableViewController;
			sourceTree = "<group>";
		};
		CF58ECD825F02AFE0065E2D4 /* Sections */ = {
			isa = PBXGroup;
			children = (
				CF58ECB025F01EAD0065E2D4 /* BaseTableViewSection.swift */,
				CF58ECC425F0268A0065E2D4 /* CellFooteredTableViewSection.swift */,
				CF58ECBF25F0263C0065E2D4 /* DefaultSectionWithBackground.swift */,
			);
			path = Sections;
			sourceTree = "<group>";
		};
		CF58ECD925F02B130065E2D4 /* Proxies */ = {
			isa = PBXGroup;
			children = (
				CF58ECB525F0237B0065E2D4 /* BaseTableViewProxy.swift */,
				CF58ECD325F0276D0065E2D4 /* CellFooteredTableViewProxy.swift */,
			);
			path = Proxies;
			sourceTree = "<group>";
		};
		CF58ECE025F02B240065E2D4 /* Cells */ = {
			isa = PBXGroup;
			children = (
				CF58ECBA25F023B60065E2D4 /* CustomTableViewCell.swift */,
				CF58ECC925F026F60065E2D4 /* TableCellWithBackground.swift */,
				CF58ECCE25F0273A0065E2D4 /* SpacerCell.swift */,
				CF12783F25FC0FAD00E49E20 /* PlaceholderCell.swift */,
			);
			path = Cells;
			sourceTree = "<group>";
		};
		CF9B0761252600C00008A7C9 /* ARecipeTests */ = {
			isa = PBXGroup;
			children = (
				CF9B0762252600C00008A7C9 /* ARecipeTests.swift */,
				CF9B0764252600C00008A7C9 /* Info.plist */,
			);
			path = ARecipeTests;
			sourceTree = "<group>";
		};
/* End PBXGroup section */

/* Begin PBXNativeTarget section */
		4474485F24C60B1300EA5B2C /* RecipeBookUIKit */ = {
			isa = PBXNativeTarget;
			buildConfigurationList = 4474487424C60B1700EA5B2C /* Build configuration list for PBXNativeTarget "RecipeBookUIKit" */;
			buildPhases = (
				4474485C24C60B1300EA5B2C /* Sources */,
				4474485D24C60B1300EA5B2C /* Frameworks */,
				4474485E24C60B1300EA5B2C /* Resources */,
				44F3438D250510D2009495B3 /* Embed App Extensions */,
			);
			buildRules = (
			);
			dependencies = (
				44F3438B250510D2009495B3 /* PBXTargetDependency */,
			);
			name = RecipeBookUIKit;
			packageProductDependencies = (
				4474487824C60B8100EA5B2C /* SnapKit */,
				4474489824C84B0300EA5B2C /* RealmSwift */,
				5EAC22E324F0790D003BA90E /* MeasureLibrary */,
			);
			productName = RecipeBookUIKit;
			productReference = 4474486024C60B1300EA5B2C /* ARecipe.app */;
			productType = "com.apple.product-type.application";
		};
		44F34381250510D1009495B3 /* Share */ = {
			isa = PBXNativeTarget;
			buildConfigurationList = 44F34390250510D2009495B3 /* Build configuration list for PBXNativeTarget "Share" */;
			buildPhases = (
				44F3437E250510D1009495B3 /* Sources */,
				44F3437F250510D1009495B3 /* Frameworks */,
				44F34380250510D1009495B3 /* Resources */,
			);
			buildRules = (
			);
			dependencies = (
			);
			name = Share;
			productName = Share;
			productReference = 44F34382250510D1009495B3 /* Share.appex */;
			productType = "com.apple.product-type.app-extension";
		};
		CF9B075F252600C00008A7C9 /* ARecipeTests */ = {
			isa = PBXNativeTarget;
			buildConfigurationList = CF9B0767252600C00008A7C9 /* Build configuration list for PBXNativeTarget "ARecipeTests" */;
			buildPhases = (
				CF9B075C252600C00008A7C9 /* Sources */,
				CF9B075D252600C00008A7C9 /* Frameworks */,
				CF9B075E252600C00008A7C9 /* Resources */,
			);
			buildRules = (
			);
			dependencies = (
				CF9B0766252600C00008A7C9 /* PBXTargetDependency */,
			);
			name = ARecipeTests;
			productName = ARecipeTests;
			productReference = CF9B0760252600C00008A7C9 /* ARecipeTests.xctest */;
			productType = "com.apple.product-type.bundle.unit-test";
		};
/* End PBXNativeTarget section */

/* Begin PBXProject section */
		4474485824C60B1300EA5B2C /* Project object */ = {
			isa = PBXProject;
			attributes = {
				LastSwiftUpdateCheck = 1170;
				LastUpgradeCheck = 1150;
				ORGANIZATIONNAME = "George Khaydenko";
				TargetAttributes = {
					4474485F24C60B1300EA5B2C = {
						CreatedOnToolsVersion = 11.5;
					};
					44F34381250510D1009495B3 = {
						CreatedOnToolsVersion = 11.6;
					};
					CF9B075F252600C00008A7C9 = {
						CreatedOnToolsVersion = 11.7;
						TestTargetID = 4474485F24C60B1300EA5B2C;
					};
				};
			};
			buildConfigurationList = 4474485B24C60B1300EA5B2C /* Build configuration list for PBXProject "RecipeBookUIKit" */;
			compatibilityVersion = "Xcode 9.3";
			developmentRegion = en;
			hasScannedForEncodings = 0;
			knownRegions = (
				en,
				Base,
				ru,
			);
			mainGroup = 4474485724C60B1300EA5B2C;
			packageReferences = (
				4474487724C60B8100EA5B2C /* XCRemoteSwiftPackageReference "SnapKit" */,
				4474489724C84B0300EA5B2C /* XCRemoteSwiftPackageReference "realm-cocoa" */,
			);
			productRefGroup = 4474486124C60B1300EA5B2C /* Products */;
			projectDirPath = "";
			projectRoot = "";
			targets = (
				4474485F24C60B1300EA5B2C /* RecipeBookUIKit */,
				44F34381250510D1009495B3 /* Share */,
				CF9B075F252600C00008A7C9 /* ARecipeTests */,
			);
		};
/* End PBXProject section */

/* Begin PBXResourcesBuildPhase section */
		4474485E24C60B1300EA5B2C /* Resources */ = {
			isa = PBXResourcesBuildPhase;
			buildActionMask = 2147483647;
			files = (
				4474487024C60B1700EA5B2C /* LaunchScreen.storyboard in Resources */,
				5EAC22F324F1B7B1003BA90E /* Localizable.strings in Resources */,
				4474486D24C60B1700EA5B2C /* Assets.xcassets in Resources */,
			);
			runOnlyForDeploymentPostprocessing = 0;
		};
		44F34380250510D1009495B3 /* Resources */ = {
			isa = PBXResourcesBuildPhase;
			buildActionMask = 2147483647;
			files = (
			);
			runOnlyForDeploymentPostprocessing = 0;
		};
		CF9B075E252600C00008A7C9 /* Resources */ = {
			isa = PBXResourcesBuildPhase;
			buildActionMask = 2147483647;
			files = (
			);
			runOnlyForDeploymentPostprocessing = 0;
		};
/* End PBXResourcesBuildPhase section */

/* Begin PBXSourcesBuildPhase section */
		4474485C24C60B1300EA5B2C /* Sources */ = {
			isa = PBXSourcesBuildPhase;
			buildActionMask = 2147483647;
			files = (
				CF58ECA725F01DE40065E2D4 /* TableViewDataSource.swift in Sources */,
				CF3D31C425FBFCA000D1F055 /* EmptyView.swift in Sources */,
				5EAC22FD24F2A29F003BA90E /* RecipeView.swift in Sources */,
				CF58EC7825EED2D20065E2D4 /* MeasureViewTransitioningDelegate.swift in Sources */,
				4474487D24C60C7000EA5B2C /* Extensions.swift in Sources */,
				CF12784025FC0FAD00E49E20 /* PlaceholderCell.swift in Sources */,
				5EAC22E624F1A94E003BA90E /* DataManager.swift in Sources */,
				CF9B078F2541C2350008A7C9 /* Theme.swift in Sources */,
				4428C43924DFF6340054C6DD /* LabeledPickerView.swift in Sources */,
				4428C44A24E2CC780054C6DD /* Settings.swift in Sources */,
				4474488A24C6E29C00EA5B2C /* AddTextField.swift in Sources */,
				CF58ECCA25F026F60065E2D4 /* TableCellWithBackground.swift in Sources */,
				4474488524C6256800EA5B2C /* MainSection.swift in Sources */,
				CF58ECCF25F0273A0065E2D4 /* SpacerCell.swift in Sources */,
				CF58EC8125EED3260065E2D4 /* PresentationController.swift in Sources */,
				5EAC22F024F1B6F8003BA90E /* String+LocalizeBundle.swift in Sources */,
				4474486824C60B1300EA5B2C /* MainViewController.swift in Sources */,
				4474488724C62F8600EA5B2C /* RecipeCell.swift in Sources */,
				CF9B0777252E41DD0008A7C9 /* ToolbarInputView.swift in Sources */,
				4474489224C786FE00EA5B2C /* IngredientCell.swift in Sources */,
				CF58EC9A25F01ACF0065E2D4 /* TableViewController.swift in Sources */,
				4474489F24C8505200EA5B2C /* DataBaseManager.swift in Sources */,
				CFA12787251E786D00FBFFB5 /* PlaceholderView.swift in Sources */,
				447448A224D6E0CC00EA5B2C /* Button.swift in Sources */,
				CFADB814257D700E003AFC31 /* UIViewController+FileManager.swift in Sources */,
				4474488D24C781B800EA5B2C /* RecipeViewController.swift in Sources */,
				4428C44C24E2ED100054C6DD /* DataStorage.swift in Sources */,
				CFADB80F257D6E02003AFC31 /* Alerts.swift in Sources */,
				CF58ECA225F01BC60065E2D4 /* TableViewDecorator.swift in Sources */,
				4474489B24C84BCB00EA5B2C /* RealmRecipe.swift in Sources */,
				4428C45624E6D9640054C6DD /* ConvertPortionsView.swift in Sources */,
				4474488324C622CC00EA5B2C /* Recipe.swift in Sources */,
				CF58ECBB25F023B60065E2D4 /* CustomTableViewCell.swift in Sources */,
				4474489D24C84C0D00EA5B2C /* RealmIngredient.swift in Sources */,
				4474488024C6216C00EA5B2C /* Ingredient.swift in Sources */,
				CF58ECC025F0263C0065E2D4 /* DefaultSectionWithBackground.swift in Sources */,
				5EA0584824D050F900631E04 /* MeasureView.swift in Sources */,
				CF58ECC525F0268A0065E2D4 /* CellFooteredTableViewSection.swift in Sources */,
				CFA12789251E935900FBFFB5 /* InsettedTextField.swift in Sources */,
				5EAC22F224F1B700003BA90E /* String+LocalizeTableName.swift in Sources */,
				5EAC22EC24F1B557003BA90E /* Localize.swift in Sources */,
				CF58ECAC25F01E4F0065E2D4 /* Event.swift in Sources */,
				4474489624C834A800EA5B2C /* KeyboardObserversExtensions.swift in Sources */,
				CFA1278D251FDC6300FBFFB5 /* LabeledSegmentedPicker.swift in Sources */,
				5EAC230124F2F1EB003BA90E /* NavigationController.swift in Sources */,
				CF58ECF625F2B96A0065E2D4 /* TableViewKeyboardHandler.swift in Sources */,
				5EAC22DE24F07022003BA90E /* RecipeDataHandler.swift in Sources */,
				4474487B24C60C3800EA5B2C /* UIView+SnapKit.swift in Sources */,
				CF58ECB125F01EAE0065E2D4 /* BaseTableViewSection.swift in Sources */,
				CF58EC8625EED4470065E2D4 /* MeasureViewTransitionAnimator.swift in Sources */,
				5EAC22FF24F2AA26003BA90E /* InsettedLabel.swift in Sources */,
				CF58ECD425F0276D0065E2D4 /* CellFooteredTableViewProxy.swift in Sources */,
				CF9B077D2530FB5E0008A7C9 /* Helper.swift in Sources */,
				449F022F24D845B800A556E1 /* ConvertView.swift in Sources */,
				CF1D847C25226AF000649BB8 /* DoubleButton.swift in Sources */,
				CF9B077B2530F5BB0008A7C9 /* RealmAttachmentInfo.swift in Sources */,
				CF9B0775252DFB6F0008A7C9 /* UIToolBar.swift in Sources */,
				CF58ECB625F0237B0065E2D4 /* BaseTableViewProxy.swift in Sources */,
				5EA0584524D050CF00631E04 /* MeasureViewController.swift in Sources */,
				4428C44E24E3D1960054C6DD /* Predicate.swift in Sources */,
				449F023124D85A3600A556E1 /* TwoModeTextField.swift in Sources */,
				5EAC22FA24F29AE9003BA90E /* UIColor+Style.swift in Sources */,
				5EAC22EE24F1B629003BA90E /* String+LocalizedBundleTableName.swift in Sources */,
				4474486424C60B1300EA5B2C /* AppDelegate.swift in Sources */,
				4474486624C60B1300EA5B2C /* SceneDelegate.swift in Sources */,
				5E18C0D824EAD8DC003F7D74 /* RealmCustomMeasurement.swift in Sources */,
			);
			runOnlyForDeploymentPostprocessing = 0;
		};
		44F3437E250510D1009495B3 /* Sources */ = {
			isa = PBXSourcesBuildPhase;
			buildActionMask = 2147483647;
			files = (
				44F34385250510D2009495B3 /* ShareViewController.swift in Sources */,
			);
			runOnlyForDeploymentPostprocessing = 0;
		};
		CF9B075C252600C00008A7C9 /* Sources */ = {
			isa = PBXSourcesBuildPhase;
			buildActionMask = 2147483647;
			files = (
				CF9B0763252600C00008A7C9 /* ARecipeTests.swift in Sources */,
			);
			runOnlyForDeploymentPostprocessing = 0;
		};
/* End PBXSourcesBuildPhase section */

/* Begin PBXTargetDependency section */
		44F3438B250510D2009495B3 /* PBXTargetDependency */ = {
			isa = PBXTargetDependency;
			target = 44F34381250510D1009495B3 /* Share */;
			targetProxy = 44F3438A250510D2009495B3 /* PBXContainerItemProxy */;
		};
		CF9B0766252600C00008A7C9 /* PBXTargetDependency */ = {
			isa = PBXTargetDependency;
			target = 4474485F24C60B1300EA5B2C /* RecipeBookUIKit */;
			targetProxy = CF9B0765252600C00008A7C9 /* PBXContainerItemProxy */;
		};
/* End PBXTargetDependency section */

/* Begin PBXVariantGroup section */
		4474486E24C60B1700EA5B2C /* LaunchScreen.storyboard */ = {
			isa = PBXVariantGroup;
			children = (
				4474486F24C60B1700EA5B2C /* Base */,
				5EAC22E824F1AD37003BA90E /* ru */,
			);
			name = LaunchScreen.storyboard;
			sourceTree = "<group>";
		};
		5EAC22F524F1B7B1003BA90E /* Localizable.strings */ = {
			isa = PBXVariantGroup;
			children = (
				5EAC22F424F1B7B1003BA90E /* ru */,
				5EAC22F624F1B7B6003BA90E /* en */,
			);
			name = Localizable.strings;
			sourceTree = "<group>";
		};
/* End PBXVariantGroup section */

/* Begin XCBuildConfiguration section */
		4474487224C60B1700EA5B2C /* Debug */ = {
			isa = XCBuildConfiguration;
			buildSettings = {
				ALWAYS_SEARCH_USER_PATHS = NO;
				CLANG_ANALYZER_LOCALIZABILITY_NONLOCALIZED = YES;
				CLANG_ANALYZER_NONNULL = YES;
				CLANG_ANALYZER_NUMBER_OBJECT_CONVERSION = YES_AGGRESSIVE;
				CLANG_CXX_LANGUAGE_STANDARD = "gnu++14";
				CLANG_CXX_LIBRARY = "libc++";
				CLANG_ENABLE_MODULES = YES;
				CLANG_ENABLE_OBJC_ARC = YES;
				CLANG_ENABLE_OBJC_WEAK = YES;
				CLANG_WARN_BLOCK_CAPTURE_AUTORELEASING = YES;
				CLANG_WARN_BOOL_CONVERSION = YES;
				CLANG_WARN_COMMA = YES;
				CLANG_WARN_CONSTANT_CONVERSION = YES;
				CLANG_WARN_DEPRECATED_OBJC_IMPLEMENTATIONS = YES;
				CLANG_WARN_DIRECT_OBJC_ISA_USAGE = YES_ERROR;
				CLANG_WARN_DOCUMENTATION_COMMENTS = YES;
				CLANG_WARN_EMPTY_BODY = YES;
				CLANG_WARN_ENUM_CONVERSION = YES;
				CLANG_WARN_INFINITE_RECURSION = YES;
				CLANG_WARN_INT_CONVERSION = YES;
				CLANG_WARN_NON_LITERAL_NULL_CONVERSION = YES;
				CLANG_WARN_OBJC_IMPLICIT_RETAIN_SELF = YES;
				CLANG_WARN_OBJC_LITERAL_CONVERSION = YES;
				CLANG_WARN_OBJC_ROOT_CLASS = YES_ERROR;
				CLANG_WARN_RANGE_LOOP_ANALYSIS = YES;
				CLANG_WARN_STRICT_PROTOTYPES = YES;
				CLANG_WARN_SUSPICIOUS_MOVE = YES;
				CLANG_WARN_UNGUARDED_AVAILABILITY = YES_AGGRESSIVE;
				CLANG_WARN_UNREACHABLE_CODE = YES;
				CLANG_WARN__DUPLICATE_METHOD_MATCH = YES;
				COPY_PHASE_STRIP = NO;
				DEBUG_INFORMATION_FORMAT = dwarf;
				ENABLE_STRICT_OBJC_MSGSEND = YES;
				ENABLE_TESTABILITY = YES;
				GCC_C_LANGUAGE_STANDARD = gnu11;
				GCC_DYNAMIC_NO_PIC = NO;
				GCC_NO_COMMON_BLOCKS = YES;
				GCC_OPTIMIZATION_LEVEL = 0;
				GCC_PREPROCESSOR_DEFINITIONS = (
					"DEBUG=1",
					"$(inherited)",
				);
				GCC_WARN_64_TO_32_BIT_CONVERSION = YES;
				GCC_WARN_ABOUT_RETURN_TYPE = YES_ERROR;
				GCC_WARN_UNDECLARED_SELECTOR = YES;
				GCC_WARN_UNINITIALIZED_AUTOS = YES_AGGRESSIVE;
				GCC_WARN_UNUSED_FUNCTION = YES;
				GCC_WARN_UNUSED_VARIABLE = YES;
				IPHONEOS_DEPLOYMENT_TARGET = 13.5;
				MTL_ENABLE_DEBUG_INFO = INCLUDE_SOURCE;
				MTL_FAST_MATH = YES;
				ONLY_ACTIVE_ARCH = YES;
				SDKROOT = iphoneos;
				SWIFT_ACTIVE_COMPILATION_CONDITIONS = DEBUG;
				SWIFT_OPTIMIZATION_LEVEL = "-Onone";
			};
			name = Debug;
		};
		4474487324C60B1700EA5B2C /* Release */ = {
			isa = XCBuildConfiguration;
			buildSettings = {
				ALWAYS_SEARCH_USER_PATHS = NO;
				CLANG_ANALYZER_LOCALIZABILITY_NONLOCALIZED = YES;
				CLANG_ANALYZER_NONNULL = YES;
				CLANG_ANALYZER_NUMBER_OBJECT_CONVERSION = YES_AGGRESSIVE;
				CLANG_CXX_LANGUAGE_STANDARD = "gnu++14";
				CLANG_CXX_LIBRARY = "libc++";
				CLANG_ENABLE_MODULES = YES;
				CLANG_ENABLE_OBJC_ARC = YES;
				CLANG_ENABLE_OBJC_WEAK = YES;
				CLANG_WARN_BLOCK_CAPTURE_AUTORELEASING = YES;
				CLANG_WARN_BOOL_CONVERSION = YES;
				CLANG_WARN_COMMA = YES;
				CLANG_WARN_CONSTANT_CONVERSION = YES;
				CLANG_WARN_DEPRECATED_OBJC_IMPLEMENTATIONS = YES;
				CLANG_WARN_DIRECT_OBJC_ISA_USAGE = YES_ERROR;
				CLANG_WARN_DOCUMENTATION_COMMENTS = YES;
				CLANG_WARN_EMPTY_BODY = YES;
				CLANG_WARN_ENUM_CONVERSION = YES;
				CLANG_WARN_INFINITE_RECURSION = YES;
				CLANG_WARN_INT_CONVERSION = YES;
				CLANG_WARN_NON_LITERAL_NULL_CONVERSION = YES;
				CLANG_WARN_OBJC_IMPLICIT_RETAIN_SELF = YES;
				CLANG_WARN_OBJC_LITERAL_CONVERSION = YES;
				CLANG_WARN_OBJC_ROOT_CLASS = YES_ERROR;
				CLANG_WARN_RANGE_LOOP_ANALYSIS = YES;
				CLANG_WARN_STRICT_PROTOTYPES = YES;
				CLANG_WARN_SUSPICIOUS_MOVE = YES;
				CLANG_WARN_UNGUARDED_AVAILABILITY = YES_AGGRESSIVE;
				CLANG_WARN_UNREACHABLE_CODE = YES;
				CLANG_WARN__DUPLICATE_METHOD_MATCH = YES;
				COPY_PHASE_STRIP = NO;
				DEBUG_INFORMATION_FORMAT = "dwarf-with-dsym";
				ENABLE_NS_ASSERTIONS = NO;
				ENABLE_STRICT_OBJC_MSGSEND = YES;
				GCC_C_LANGUAGE_STANDARD = gnu11;
				GCC_NO_COMMON_BLOCKS = YES;
				GCC_WARN_64_TO_32_BIT_CONVERSION = YES;
				GCC_WARN_ABOUT_RETURN_TYPE = YES_ERROR;
				GCC_WARN_UNDECLARED_SELECTOR = YES;
				GCC_WARN_UNINITIALIZED_AUTOS = YES_AGGRESSIVE;
				GCC_WARN_UNUSED_FUNCTION = YES;
				GCC_WARN_UNUSED_VARIABLE = YES;
				IPHONEOS_DEPLOYMENT_TARGET = 13.5;
				MTL_ENABLE_DEBUG_INFO = NO;
				MTL_FAST_MATH = YES;
				SDKROOT = iphoneos;
				SWIFT_COMPILATION_MODE = wholemodule;
				SWIFT_OPTIMIZATION_LEVEL = "-O";
				VALIDATE_PRODUCT = YES;
			};
			name = Release;
		};
		4474487524C60B1700EA5B2C /* Debug */ = {
			isa = XCBuildConfiguration;
			buildSettings = {
				ALWAYS_EMBED_SWIFT_STANDARD_LIBRARIES = YES;
				ASSETCATALOG_COMPILER_APPICON_NAME = AppIcon;
				CODE_SIGN_ENTITLEMENTS = RecipeBookUIKit/RecipeBookUIKit.entitlements;
				CODE_SIGN_STYLE = Automatic;
				CURRENT_PROJECT_VERSION = 9;
				DEVELOPMENT_TEAM = UBXSN34678;
				INFOPLIST_FILE = RecipeBookUIKit/Info.plist;
				IPHONEOS_DEPLOYMENT_TARGET = 13.5;
				LD_RUNPATH_SEARCH_PATHS = (
					"$(inherited)",
					"@executable_path/Frameworks",
				);
				MARKETING_VERSION = 0.1;
				PRODUCT_BUNDLE_IDENTIFIER = com.jesterix.RecipeBookUIKit;
				PRODUCT_NAME = ARecipe;
				SWIFT_VERSION = 5.0;
				TARGETED_DEVICE_FAMILY = 1;
			};
			name = Debug;
		};
		4474487624C60B1700EA5B2C /* Release */ = {
			isa = XCBuildConfiguration;
			buildSettings = {
				ALWAYS_EMBED_SWIFT_STANDARD_LIBRARIES = YES;
				ASSETCATALOG_COMPILER_APPICON_NAME = AppIcon;
				CODE_SIGN_ENTITLEMENTS = RecipeBookUIKit/RecipeBookUIKit.entitlements;
				CODE_SIGN_STYLE = Automatic;
				CURRENT_PROJECT_VERSION = 9;
				DEVELOPMENT_TEAM = UBXSN34678;
				INFOPLIST_FILE = RecipeBookUIKit/Info.plist;
				IPHONEOS_DEPLOYMENT_TARGET = 13.5;
				LD_RUNPATH_SEARCH_PATHS = (
					"$(inherited)",
					"@executable_path/Frameworks",
				);
				MARKETING_VERSION = 0.1;
				PRODUCT_BUNDLE_IDENTIFIER = com.jesterix.RecipeBookUIKit;
				PRODUCT_NAME = ARecipe;
				SWIFT_VERSION = 5.0;
				TARGETED_DEVICE_FAMILY = 1;
			};
			name = Release;
		};
		44F3438E250510D2009495B3 /* Debug */ = {
			isa = XCBuildConfiguration;
			buildSettings = {
				CODE_SIGN_ENTITLEMENTS = Share/Share.entitlements;
				CODE_SIGN_STYLE = Automatic;
				CURRENT_PROJECT_VERSION = 9;
				DEVELOPMENT_TEAM = UBXSN34678;
				INFOPLIST_FILE = Share/Info.plist;
				IPHONEOS_DEPLOYMENT_TARGET = 13.6;
				LD_RUNPATH_SEARCH_PATHS = (
					"$(inherited)",
					"@executable_path/Frameworks",
					"@executable_path/../../Frameworks",
				);
				MARKETING_VERSION = 0.1;
				PRODUCT_BUNDLE_IDENTIFIER = com.jesterix.RecipeBookUIKit.Share;
				PRODUCT_NAME = "$(TARGET_NAME)";
				SKIP_INSTALL = YES;
				SWIFT_VERSION = 5.0;
				TARGETED_DEVICE_FAMILY = 1;
			};
			name = Debug;
		};
		44F3438F250510D2009495B3 /* Release */ = {
			isa = XCBuildConfiguration;
			buildSettings = {
				CODE_SIGN_ENTITLEMENTS = Share/Share.entitlements;
				CODE_SIGN_STYLE = Automatic;
				CURRENT_PROJECT_VERSION = 9;
				DEVELOPMENT_TEAM = UBXSN34678;
				INFOPLIST_FILE = Share/Info.plist;
				IPHONEOS_DEPLOYMENT_TARGET = 13.6;
				LD_RUNPATH_SEARCH_PATHS = (
					"$(inherited)",
					"@executable_path/Frameworks",
					"@executable_path/../../Frameworks",
				);
				MARKETING_VERSION = 0.1;
				PRODUCT_BUNDLE_IDENTIFIER = com.jesterix.RecipeBookUIKit.Share;
				PRODUCT_NAME = "$(TARGET_NAME)";
				SKIP_INSTALL = YES;
				SWIFT_VERSION = 5.0;
				TARGETED_DEVICE_FAMILY = 1;
			};
			name = Release;
		};
		CF9B0768252600C00008A7C9 /* Debug */ = {
			isa = XCBuildConfiguration;
			buildSettings = {
				BUNDLE_LOADER = "$(TEST_HOST)";
				CODE_SIGN_STYLE = Automatic;
				DEVELOPMENT_TEAM = UBXSN34678;
				INFOPLIST_FILE = ARecipeTests/Info.plist;
				IPHONEOS_DEPLOYMENT_TARGET = 13.7;
				LD_RUNPATH_SEARCH_PATHS = (
					"$(inherited)",
					"@executable_path/Frameworks",
					"@loader_path/Frameworks",
				);
				PRODUCT_BUNDLE_IDENTIFIER = com.jesterix.ARecipeTests;
				PRODUCT_NAME = "$(TARGET_NAME)";
				SWIFT_VERSION = 5.0;
				TARGETED_DEVICE_FAMILY = "1,2";
				TEST_HOST = "$(BUILT_PRODUCTS_DIR)/ARecipe.app/ARecipe";
			};
			name = Debug;
		};
		CF9B0769252600C00008A7C9 /* Release */ = {
			isa = XCBuildConfiguration;
			buildSettings = {
				BUNDLE_LOADER = "$(TEST_HOST)";
				CODE_SIGN_STYLE = Automatic;
				DEVELOPMENT_TEAM = UBXSN34678;
				INFOPLIST_FILE = ARecipeTests/Info.plist;
				IPHONEOS_DEPLOYMENT_TARGET = 13.7;
				LD_RUNPATH_SEARCH_PATHS = (
					"$(inherited)",
					"@executable_path/Frameworks",
					"@loader_path/Frameworks",
				);
				PRODUCT_BUNDLE_IDENTIFIER = com.jesterix.ARecipeTests;
				PRODUCT_NAME = "$(TARGET_NAME)";
				SWIFT_VERSION = 5.0;
				TARGETED_DEVICE_FAMILY = "1,2";
				TEST_HOST = "$(BUILT_PRODUCTS_DIR)/ARecipe.app/ARecipe";
			};
			name = Release;
		};
/* End XCBuildConfiguration section */

/* Begin XCConfigurationList section */
		4474485B24C60B1300EA5B2C /* Build configuration list for PBXProject "RecipeBookUIKit" */ = {
			isa = XCConfigurationList;
			buildConfigurations = (
				4474487224C60B1700EA5B2C /* Debug */,
				4474487324C60B1700EA5B2C /* Release */,
			);
			defaultConfigurationIsVisible = 0;
			defaultConfigurationName = Release;
		};
		4474487424C60B1700EA5B2C /* Build configuration list for PBXNativeTarget "RecipeBookUIKit" */ = {
			isa = XCConfigurationList;
			buildConfigurations = (
				4474487524C60B1700EA5B2C /* Debug */,
				4474487624C60B1700EA5B2C /* Release */,
			);
			defaultConfigurationIsVisible = 0;
			defaultConfigurationName = Release;
		};
		44F34390250510D2009495B3 /* Build configuration list for PBXNativeTarget "Share" */ = {
			isa = XCConfigurationList;
			buildConfigurations = (
				44F3438E250510D2009495B3 /* Debug */,
				44F3438F250510D2009495B3 /* Release */,
			);
			defaultConfigurationIsVisible = 0;
			defaultConfigurationName = Release;
		};
		CF9B0767252600C00008A7C9 /* Build configuration list for PBXNativeTarget "ARecipeTests" */ = {
			isa = XCConfigurationList;
			buildConfigurations = (
				CF9B0768252600C00008A7C9 /* Debug */,
				CF9B0769252600C00008A7C9 /* Release */,
			);
			defaultConfigurationIsVisible = 0;
			defaultConfigurationName = Release;
		};
/* End XCConfigurationList section */

/* Begin XCRemoteSwiftPackageReference section */
		4474487724C60B8100EA5B2C /* XCRemoteSwiftPackageReference "SnapKit" */ = {
			isa = XCRemoteSwiftPackageReference;
			repositoryURL = "https://github.com/SnapKit/SnapKit";
			requirement = {
				kind = upToNextMajorVersion;
				minimumVersion = 5.0.1;
			};
		};
		4474489724C84B0300EA5B2C /* XCRemoteSwiftPackageReference "realm-cocoa" */ = {
			isa = XCRemoteSwiftPackageReference;
			repositoryURL = "https://github.com/realm/realm-cocoa";
			requirement = {
				kind = upToNextMajorVersion;
				minimumVersion = 5.3.2;
			};
		};
/* End XCRemoteSwiftPackageReference section */

/* Begin XCSwiftPackageProductDependency section */
		4474487824C60B8100EA5B2C /* SnapKit */ = {
			isa = XCSwiftPackageProductDependency;
			package = 4474487724C60B8100EA5B2C /* XCRemoteSwiftPackageReference "SnapKit" */;
			productName = SnapKit;
		};
		4474489824C84B0300EA5B2C /* RealmSwift */ = {
			isa = XCSwiftPackageProductDependency;
			package = 4474489724C84B0300EA5B2C /* XCRemoteSwiftPackageReference "realm-cocoa" */;
			productName = RealmSwift;
		};
		5EAC22E324F0790D003BA90E /* MeasureLibrary */ = {
			isa = XCSwiftPackageProductDependency;
			productName = MeasureLibrary;
		};
/* End XCSwiftPackageProductDependency section */
	};
	rootObject = 4474485824C60B1300EA5B2C /* Project object */;
}
